
Microsoft Visual Studio Solution File, Format Version 12.00
# Visual Studio 15
VisualStudioVersion = 15.0.28307.572
MinimumVisualStudioVersion = 10.0.40219.1
Project("{9A19103F-16F7-4668-BE54-9A1E7A4F7556}") = "KPIApi", "KPIApi\KPIApi.csproj", "{C11FBCE7-86E5-4CF1-8E14-EEC5845A978D}"
EndProject
Project("{9A19103F-16F7-4668-BE54-9A1E7A4F7556}") = "CustomApi", "CustomApi\CustomApi.csproj", "{A2123FA0-B030-4D82-98A4-1334AC5CAA65}"
EndProject
Global
	GlobalSection(SolutionConfigurationPlatforms) = preSolution
		Debug|Any CPU = Debug|Any CPU
		Release|Any CPU = Release|Any CPU
	EndGlobalSection
	GlobalSection(ProjectConfigurationPlatforms) = postSolution
		{C11FBCE7-86E5-4CF1-8E14-EEC5845A978D}.Debug|Any CPU.ActiveCfg = Debug|Any CPU
		{C11FBCE7-86E5-4CF1-8E14-EEC5845A978D}.Debug|Any CPU.Build.0 = Debug|Any CPU
		{C11FBCE7-86E5-4CF1-8E14-EEC5845A978D}.Release|Any CPU.ActiveCfg = Release|Any CPU
		{C11FBCE7-86E5-4CF1-8E14-EEC5845A978D}.Release|Any CPU.Build.0 = Release|Any CPU
		{A2123FA0-B030-4D82-98A4-1334AC5CAA65}.Debug|Any CPU.ActiveCfg = Debug|Any CPU
		{A2123FA0-B030-4D82-98A4-1334AC5CAA65}.Debug|Any CPU.Build.0 = Debug|Any CPU
		{A2123FA0-B030-4D82-98A4-1334AC5CAA65}.Release|Any CPU.ActiveCfg = Release|Any CPU
		{A2123FA0-B030-4D82-98A4-1334AC5CAA65}.Release|Any CPU.Build.0 = Release|Any CPU
	EndGlobalSection
	GlobalSection(SolutionProperties) = preSolution
		HideSolutionNode = FALSE
	EndGlobalSection
	GlobalSection(ExtensibilityGlobals) = postSolution
		SolutionGuid = {6E67E0EC-7D54-4EB7-9216-2D4123035B92}
	EndGlobalSection
EndGlobal
